{
  "requires": true,
  "lockfileVersion": 1,
  "dependencies": {
    "reveal.js": {
      "version": "4.6.1",
      "resolved": "https://registry.npmjs.org/reveal.js/-/reveal.js-4.6.1.tgz",
      "integrity": "sha512-2vJQjzYH9q9fX5P7p8pA7tN2j2rXw0JjD7o6v5z7JkX8X4Vf3+8xYx4yL0M2qQy0kWk9zQGQ4mW3dYk5n9Q=="
    }
  }
}
